
Microsoft Visual Studio Solution File, Format Version 12.00
# Visual Studio 15
VisualStudioVersion = 15.0.28307.1684
MinimumVisualStudioVersion = 10.0.40219.1
Project("{8BC9CEB8-8B4A-11D0-8D11-00A0C91BC942}") = "Lab1-2", "Lab1-2\Lab1-2.vcxproj", "{1EC41BD7-2CBB-4A35-AC85-E573D610D42D}"
EndProject
Global
	GlobalSection(SolutionConfigurationPlatforms) = preSolution
		Debug|x64 = Debug|x64
		Debug|x86 = Debug|x86
		Release|x64 = Release|x64
		Release|x86 = Release|x86
	EndGlobalSection
	GlobalSection(ProjectConfigurationPlatforms) = postSolution
		{1EC41BD7-2CBB-4A35-AC85-E573D610D42D}.Debug|x64.ActiveCfg = Debug|x64
		{1EC41BD7-2CBB-4A35-AC85-E573D610D42D}.Debug|x64.Build.0 = Debug|x64
		{1EC41BD7-2CBB-4A35-AC85-E573D610D42D}.Debug|x86.ActiveCfg = Debug|Win32
		{1EC41BD7-2CBB-4A35-AC85-E573D610D42D}.Debug|x86.Build.0 = Debug|Win32
		{1EC41BD7-2CBB-4A35-AC85-E573D610D42D}.Release|x64.ActiveCfg = Release|x64
		{1EC41BD7-2CBB-4A35-AC85-E573D610D42D}.Release|x64.Build.0 = Release|x64
		{1EC41BD7-2CBB-4A35-AC85-E573D610D42D}.Release|x86.ActiveCfg = Release|Win32
		{1EC41BD7-2CBB-4A35-AC85-E573D610D42D}.Release|x86.Build.0 = Release|Win32
	EndGlobalSection
	GlobalSection(SolutionProperties) = preSolution
		HideSolutionNode = FALSE
	EndGlobalSection
	GlobalSection(ExtensibilityGlobals) = postSolution
		SolutionGuid = {32DB50FC-1D76-42EC-AE3D-B421AA31D618}
	EndGlobalSection
EndGlobal
