
Microsoft Visual Studio Solution File, Format Version 12.00
# Visual Studio 15
VisualStudioVersion = 15.0.28307.1684
MinimumVisualStudioVersion = 10.0.40219.1
Project("{8BC9CEB8-8B4A-11D0-8D11-00A0C91BC942}") = "Lab1-3", "Lab1-3\Lab1-3.vcxproj", "{58416A50-E09F-4EF3-AC4F-B962102EE373}"
EndProject
Global
	GlobalSection(SolutionConfigurationPlatforms) = preSolution
		Debug|x64 = Debug|x64
		Debug|x86 = Debug|x86
		Release|x64 = Release|x64
		Release|x86 = Release|x86
	EndGlobalSection
	GlobalSection(ProjectConfigurationPlatforms) = postSolution
		{58416A50-E09F-4EF3-AC4F-B962102EE373}.Debug|x64.ActiveCfg = Debug|x64
		{58416A50-E09F-4EF3-AC4F-B962102EE373}.Debug|x64.Build.0 = Debug|x64
		{58416A50-E09F-4EF3-AC4F-B962102EE373}.Debug|x86.ActiveCfg = Debug|Win32
		{58416A50-E09F-4EF3-AC4F-B962102EE373}.Debug|x86.Build.0 = Debug|Win32
		{58416A50-E09F-4EF3-AC4F-B962102EE373}.Release|x64.ActiveCfg = Release|x64
		{58416A50-E09F-4EF3-AC4F-B962102EE373}.Release|x64.Build.0 = Release|x64
		{58416A50-E09F-4EF3-AC4F-B962102EE373}.Release|x86.ActiveCfg = Release|Win32
		{58416A50-E09F-4EF3-AC4F-B962102EE373}.Release|x86.Build.0 = Release|Win32
	EndGlobalSection
	GlobalSection(SolutionProperties) = preSolution
		HideSolutionNode = FALSE
	EndGlobalSection
	GlobalSection(ExtensibilityGlobals) = postSolution
		SolutionGuid = {DD8ECD82-3868-4C67-96D8-20F5D8FE1BD7}
	EndGlobalSection
EndGlobal
