
Microsoft Visual Studio Solution File, Format Version 12.00
# Visual Studio 15
VisualStudioVersion = 15.0.28307.1684
MinimumVisualStudioVersion = 10.0.40219.1
Project("{8BC9CEB8-8B4A-11D0-8D11-00A0C91BC942}") = "HW4.31", "HW4.31\HW4.31.vcxproj", "{6603E8B5-85F0-47B0-8771-5FAAC3D4C3AC}"
EndProject
Global
	GlobalSection(SolutionConfigurationPlatforms) = preSolution
		Debug|x64 = Debug|x64
		Debug|x86 = Debug|x86
		Release|x64 = Release|x64
		Release|x86 = Release|x86
	EndGlobalSection
	GlobalSection(ProjectConfigurationPlatforms) = postSolution
		{6603E8B5-85F0-47B0-8771-5FAAC3D4C3AC}.Debug|x64.ActiveCfg = Debug|x64
		{6603E8B5-85F0-47B0-8771-5FAAC3D4C3AC}.Debug|x64.Build.0 = Debug|x64
		{6603E8B5-85F0-47B0-8771-5FAAC3D4C3AC}.Debug|x86.ActiveCfg = Debug|Win32
		{6603E8B5-85F0-47B0-8771-5FAAC3D4C3AC}.Debug|x86.Build.0 = Debug|Win32
		{6603E8B5-85F0-47B0-8771-5FAAC3D4C3AC}.Release|x64.ActiveCfg = Release|x64
		{6603E8B5-85F0-47B0-8771-5FAAC3D4C3AC}.Release|x64.Build.0 = Release|x64
		{6603E8B5-85F0-47B0-8771-5FAAC3D4C3AC}.Release|x86.ActiveCfg = Release|Win32
		{6603E8B5-85F0-47B0-8771-5FAAC3D4C3AC}.Release|x86.Build.0 = Release|Win32
	EndGlobalSection
	GlobalSection(SolutionProperties) = preSolution
		HideSolutionNode = FALSE
	EndGlobalSection
	GlobalSection(ExtensibilityGlobals) = postSolution
		SolutionGuid = {2832D1DE-D1D4-4F23-9989-A3BC82429E6D}
	EndGlobalSection
EndGlobal
